{
  "name": "furinabot",
  "lockfileVersion": 3,
  "requires": true,
  "packages": {
    "": {
      "name": "furinabot",
      "dependencies": {
        "lavalink-client": "^2.4.1"
      },
      "devDependencies": {
        "@types/bun": "latest"
      },
      "peerDependencies": {
        "typescript": "^5.6.3"
      }
    },
    "node_modules/@types/bun": {
      "version": "1.1.11",
      "resolved": "https://registry.npmjs.org/@types/bun/-/bun-1.1.11.tgz",
      "integrity": "sha512-0N7D/H/8sbf9JMkaG5F3+I/cB4TlhKTkO9EskEWP8XDr8aVcDe4EywSnU4cnyZy6tar1dq70NeFNkqMEUigthw==",
      "dev": true,
      "dependencies": {
        "bun-types": "1.1.30"
      }
    },
    "node_modules/@types/node": {
      "version": "20.12.14",
      "dev": true,
      "license": "MIT",
      "dependencies": {
        "undici-types": "~5.26.4"
      }
    },
    "node_modules/@types/ws": {
      "version": "8.5.12",
      "dev": true,
      "license": "MIT",
      "dependencies": {
        "@types/node": "*"
      }
    },
    "node_modules/bun-types": {
      "version": "1.1.30",
      "dev": true,
      "license": "MIT",
      "dependencies": {
        "@types/node": "~20.12.8",
        "@types/ws": "~8.5.10"
      }
    },
    "node_modules/lavalink-client": {
      "version": "2.4.1",
      "resolved": "https://registry.npmjs.org/lavalink-client/-/lavalink-client-2.4.1.tgz",
      "integrity": "sha512-wrRkbzILdjRzadAbdGM9O3bgLEabAebGci2YOUCcQoCumEjAMPz+rj7Xepa+y0oydnodyYZvBrB9ZeSdy7rzuw==",
      "dependencies": {
        "tslib": "^2.7.0",
        "ws": "^8.18.0"
      },
      "engines": {
        "bun": ">=1.0.0",
        "node": ">=18.0.0"
      }
    },
    "node_modules/tslib": {
      "version": "2.8.0",
      "license": "0BSD"
    },
    "node_modules/typescript": {
      "version": "5.6.3",
      "license": "Apache-2.0",
      "peer": true,
      "bin": {
        "tsc": "bin/tsc",
        "tsserver": "bin/tsserver"
      },
      "engines": {
        "node": ">=14.17"
      }
    },
    "node_modules/undici-types": {
      "version": "5.26.5",
      "dev": true,
      "license": "MIT"
    },
    "node_modules/ws": {
      "version": "8.18.0",
      "license": "MIT",
      "engines": {
        "node": ">=10.0.0"
      },
      "peerDependencies": {
        "bufferutil": "^4.0.1",
        "utf-8-validate": ">=5.0.2"
      },
      "peerDependenciesMeta": {
        "bufferutil": {
          "optional": true
        },
        "utf-8-validate": {
          "optional": true
        }
      }
    }
  }
}
